
Microsoft Visual Studio Solution File, Format Version 12.00
# Visual Studio 2012
Project("{FAE04EC0-301F-11D3-BF4B-00C04F79EFBC}") = "BbcTest", "BbcTest\BbcTest.csproj", "{87C10068-65A7-49C1-B1EE-564FF84F25E4}"
EndProject
Global
	GlobalSection(SolutionConfigurationPlatforms) = preSolution
		Debug|Any CPU = Debug|Any CPU
		Release|Any CPU = Release|Any CPU
	EndGlobalSection
	GlobalSection(ProjectConfigurationPlatforms) = postSolution
		{87C10068-65A7-49C1-B1EE-564FF84F25E4}.Debug|Any CPU.ActiveCfg = Debug|Any CPU
		{87C10068-65A7-49C1-B1EE-564FF84F25E4}.Debug|Any CPU.Build.0 = Debug|Any CPU
		{87C10068-65A7-49C1-B1EE-564FF84F25E4}.Release|Any CPU.ActiveCfg = Release|Any CPU
		{87C10068-65A7-49C1-B1EE-564FF84F25E4}.Release|Any CPU.Build.0 = Release|Any CPU
	EndGlobalSection
EndGlobal
